
Microsoft Visual Studio Solution File, Format Version 12.00
# Visual Studio Version 17
VisualStudioVersion = 17.8.34330.188
MinimumVisualStudioVersion = 10.0.40219.1
Project("{FAE04EC0-301F-11D3-BF4B-00C04F79EFBC}") = "MarkSixWeb", "MarkSixWeb\MarkSixWeb.csproj", "{06EE06EC-D157-4047-B65E-301D53C1FA5E}"
EndProject
Project("{FAE04EC0-301F-11D3-BF4B-00C04F79EFBC}") = "MarkSixWeb.Client", "MarkSixWeb.Client\MarkSixWeb.Client.csproj", "{8A7628CA-2E34-47DC-93D3-8521C144DD84}"
EndProject
Global
	GlobalSection(SolutionConfigurationPlatforms) = preSolution
		Debug|Any CPU = Debug|Any CPU
		Release|Any CPU = Release|Any CPU
	EndGlobalSection
	GlobalSection(ProjectConfigurationPlatforms) = postSolution
		{06EE06EC-D157-4047-B65E-301D53C1FA5E}.Debug|Any CPU.ActiveCfg = Debug|Any CPU
		{06EE06EC-D157-4047-B65E-301D53C1FA5E}.Debug|Any CPU.Build.0 = Debug|Any CPU
		{06EE06EC-D157-4047-B65E-301D53C1FA5E}.Release|Any CPU.ActiveCfg = Release|Any CPU
		{06EE06EC-D157-4047-B65E-301D53C1FA5E}.Release|Any CPU.Build.0 = Release|Any CPU
		{8A7628CA-2E34-47DC-93D3-8521C144DD84}.Debug|Any CPU.ActiveCfg = Debug|Any CPU
		{8A7628CA-2E34-47DC-93D3-8521C144DD84}.Debug|Any CPU.Build.0 = Debug|Any CPU
		{8A7628CA-2E34-47DC-93D3-8521C144DD84}.Release|Any CPU.ActiveCfg = Release|Any CPU
		{8A7628CA-2E34-47DC-93D3-8521C144DD84}.Release|Any CPU.Build.0 = Release|Any CPU
	EndGlobalSection
	GlobalSection(SolutionProperties) = preSolution
		HideSolutionNode = FALSE
	EndGlobalSection
	GlobalSection(ExtensibilityGlobals) = postSolution
		SolutionGuid = {EBD5BD2B-8D14-47C5-AF4F-9F2B959EC7FD}
	EndGlobalSection
EndGlobal
